// !$*UTF8*$!
{
	archiveVersion = 1;
	classes = {
	};
	objectVersion = 63;
	objects = {

/* Begin PBXBuildFile section */
		02F56943AC8EE99383270589 /* LiquidGlassCapsule.swift in Sources */ = {isa = PBXBuildFile; fileRef = A218A4C58E7F312AB70DC57F /* LiquidGlassCapsule.swift */; };
		037713E20A0A5F516C6DE9E2 /* HookListener.swift in Sources */ = {isa = PBXBuildFile; fileRef = F9B350EE9FED6537E89F375A /* HookListener.swift */; };
		05F879B73DA8046A8D8E49A4 /* StatusBadge.swift in Sources */ = {isa = PBXBuildFile; fileRef = 1C4666F5F2F672B0D7E53B59 /* StatusBadge.swift */; };
		0C8B98F96BE57AE5DFEDE5D1 /* PromptDetector.swift in Sources */ = {isa = PBXBuildFile; fileRef = 40C32C7301A46B9456C5FCCC /* PromptDetector.swift */; };
		0FE1BFBC4DC2490FA25064E4 /* SlashCommandMenu.swift in Sources */ = {isa = PBXBuildFile; fileRef = DF14263968FE5E9B5664835E /* SlashCommandMenu.swift */; };
		0FE6915E324A2EA05EEEC639 /* SessionRowView.swift in Sources */ = {isa = PBXBuildFile; fileRef = A153BA8C47D076D9BD988A08 /* SessionRowView.swift */; };
		105D1F4739C9DDD785D3310F /* PromptPanelView.swift in Sources */ = {isa = PBXBuildFile; fileRef = 26C123194F77AD4BC1D2CA02 /* PromptPanelView.swift */; };
		150A404F73E9404284393E17 /* RewindPickerView.swift in Sources */ = {isa = PBXBuildFile; fileRef = DE1D9639D9928840FAEEECD3 /* RewindPickerView.swift */; };
		15406D80C0095BDC371DCAF3 /* SessionSidebarView.swift in Sources */ = {isa = PBXBuildFile; fileRef = 04F411A79CF7264F289B6302 /* SessionSidebarView.swift */; };
		15A28C87E7BAC5940DF63E23 /* WebSocketClient.swift in Sources */ = {isa = PBXBuildFile; fileRef = 30D8A1BC1C4516A364BFA87F /* WebSocketClient.swift */; };
		1CB73E54A6BB4BDD16599D8E /* PromptPanelController.swift in Sources */ = {isa = PBXBuildFile; fileRef = 6D55EDA07D8C2EC099B5D24B /* PromptPanelController.swift */; };
		1E628833070E34E4A040D51C /* NIOWebSocket in Frameworks */ = {isa = PBXBuildFile; productRef = 6ED48EC9E94F4FC97A96DE5A /* NIOWebSocket */; };
		1EE8C4879DF09145406EDB96 /* DeviceManagementView.swift in Sources */ = {isa = PBXBuildFile; fileRef = 4241CE63445459C9D9FD3C36 /* DeviceManagementView.swift */; };
		21D8AA8A8FAE66329A8C6BF3 /* EscButton.swift in Sources */ = {isa = PBXBuildFile; fileRef = 074DC1FC72657311D9A64B87 /* EscButton.swift */; };
		223A4C34360AD4E93AE28D98 /* ModelPickerView.swift in Sources */ = {isa = PBXBuildFile; fileRef = 384815D580E792BAFCB0E9F0 /* ModelPickerView.swift */; };
		2496CBE03C1E577AD24E7496 /* NIO in Frameworks */ = {isa = PBXBuildFile; productRef = E76BB04E002C60E874E1993D /* NIO */; };
		2D59B119C66E821CA94AE3BC /* ModelTests.swift in Sources */ = {isa = PBXBuildFile; fileRef = 0C02C757F4FB8D345A6EFEF9 /* ModelTests.swift */; };
		3261E64ED66B84A2877F1B55 /* AppIcon-Light@3x.png in Resources */ = {isa = PBXBuildFile; fileRef = BCD629D558A0EB0C9FFE3086 /* AppIcon-Light@3x.png */; };
		341C959AD5EDFD51716EB1D7 /* AwayDetector.swift in Sources */ = {isa = PBXBuildFile; fileRef = 7BEB54F3C74377613045762F /* AwayDetector.swift */; };
		370911902C6A736936F626CC /* AppIcon-Dark@2x.png in Resources */ = {isa = PBXBuildFile; fileRef = DBCB78142A84C2BC6966A788 /* AppIcon-Dark@2x.png */; };
		39672130F6211BFA094822B5 /* HookEventTests.swift in Sources */ = {isa = PBXBuildFile; fileRef = B724AECF0BADC73232DA7457 /* HookEventTests.swift */; };
		39BA738A247CAB3676A4C7C8 /* BalconyiOSApp.swift in Sources */ = {isa = PBXBuildFile; fileRef = B0D9E9C67B880DC32F63487B /* BalconyiOSApp.swift */; };
		3C3D008A990E7C943ED629EA /* AppIcon-Light@2x.png in Resources */ = {isa = PBXBuildFile; fileRef = CCD6AA2F762D1F104A03EE29 /* AppIcon-Light@2x.png */; };
		3D79F3D2AC1738237F5FF7CB /* SessionListModel.swift in Sources */ = {isa = PBXBuildFile; fileRef = BD4F94005F234CC1764797BF /* SessionListModel.swift */; };
		421C8CC638EF49CDCB2C843F /* IOKit.framework in Frameworks */ = {isa = PBXBuildFile; fileRef = FF246A4A3131A5AB9E40961A /* IOKit.framework */; };
		4E3485D895FFF52BC23DB649 /* AppIcon-Dark@3x.png in Resources */ = {isa = PBXBuildFile; fileRef = 2FB30D19FCA8885324E1C3F2 /* AppIcon-Dark@3x.png */; };
		4FCA31A4B2E33D039185C6D8 /* AskUserQuestionCardView.swift in Sources */ = {isa = PBXBuildFile; fileRef = 550F0D20164E87817511190D /* AskUserQuestionCardView.swift */; };
		52EA4D3614E7CD7C01FAFCEA /* BLECentral.swift in Sources */ = {isa = PBXBuildFile; fileRef = 63C417099683EF822F4B30DF /* BLECentral.swift */; };
		54B68596DB033B25770224FE /* BonjourBrowser.swift in Sources */ = {isa = PBXBuildFile; fileRef = C7DE45B3FC97C8DC7FADEB16 /* BonjourBrowser.swift */; };
		55510F0B7A6D0C0A189E42AE /* SessionPickerView.swift in Sources */ = {isa = PBXBuildFile; fileRef = 8A3E4297A1ED29FEAA7E6D5E /* SessionPickerView.swift */; };
		59D76619CC0838DDD232AE57 /* ModelListProvider.swift in Sources */ = {isa = PBXBuildFile; fileRef = B8054709AEBB45731B614783 /* ModelListProvider.swift */; };
		61B35E1445E28DE6B57C9447 /* ConversationView.swift in Sources */ = {isa = PBXBuildFile; fileRef = 50C657DCB9087A3FB0B1E315 /* ConversationView.swift */; };
		663D66965E45C127C3FF27DD /* TerminalContainerView.swift in Sources */ = {isa = PBXBuildFile; fileRef = 8AF99EBC38F153B19FDEB53A /* TerminalContainerView.swift */; };
		6ADD5A55445484CB8EDF48B3 /* CryptoManagerTests.swift in Sources */ = {isa = PBXBuildFile; fileRef = D952D21F5F35A1506E4A4D08 /* CryptoManagerTests.swift */; };
		6B4353EBEE2E8A5A6B8E1AFF /* NIOHTTP1 in Frameworks */ = {isa = PBXBuildFile; productRef = D5859053BEF37E29C28D0EF6 /* NIOHTTP1 */; };
		704FCFFB9BF2203E604A8771 /* HookEventHandler.swift in Sources */ = {isa = PBXBuildFile; fileRef = 0214B334EED13B38D88E1BD9 /* HookEventHandler.swift */; };
		70F9D9C57ED6A8DEDB398CA6 /* BalconyShared in Frameworks */ = {isa = PBXBuildFile; productRef = 1288CDF4C3C16983C23C8679 /* BalconyShared */; };
		76791B96E22D92E5CE70994C /* Assets.xcassets in Resources */ = {isa = PBXBuildFile; fileRef = D95B51D498D493A07AD8D145 /* Assets.xcassets */; };
		7D0244EC2C9842D09733E0E8 /* NotificationManager.swift in Sources */ = {isa = PBXBuildFile; fileRef = 563031AC1EAF150E0A7AAF5B /* NotificationManager.swift */; };
		7D0C3EACF2BF192ECEC1D05B /* MessageTypeIntegrationTests.swift in Sources */ = {isa = PBXBuildFile; fileRef = F777879D3E4F998951042E36 /* MessageTypeIntegrationTests.swift */; };
		7E67FA15078D40FD6AD5B461 /* PreferencesManager.swift in Sources */ = {isa = PBXBuildFile; fileRef = 9E5C4CCA055249D15C411831 /* PreferencesManager.swift */; };
		7EC8C592D89FE05B25D5F184 /* SessionFileReader.swift in Sources */ = {isa = PBXBuildFile; fileRef = 2B8CD6ADB9FA981C5E289B32 /* SessionFileReader.swift */; };
		7F0ABD25389E6F652DC4A47A /* SocketClient.swift in Sources */ = {isa = PBXBuildFile; fileRef = 50CDFFCE4495E7D88AFCF8C4 /* SocketClient.swift */; };
		7FFB88CAB72CEF70EEA6DB0B /* BalconyShared in Frameworks */ = {isa = PBXBuildFile; productRef = 2C1E9FE6B3F733D2560E28A3 /* BalconyShared */; };
		867FFE6CCC71EB3F1101C9E8 /* PreferencesView.swift in Sources */ = {isa = PBXBuildFile; fileRef = 14954C747CB9B37EFDCE1BEA /* PreferencesView.swift */; };
		86DFC1B0DC3BB380FFC5E540 /* AVFoundation.framework in Frameworks */ = {isa = PBXBuildFile; fileRef = D75F5677A18F7C8240B9CD91 /* AVFoundation.framework */; };
		872CFE876EF560CB82D75436 /* SidebarContainerView.swift in Sources */ = {isa = PBXBuildFile; fileRef = 3F5F61E1AF4657B0B7E98424 /* SidebarContainerView.swift */; };
		884796C6E8749F597FDFC982 /* BLEPeripheral.swift in Sources */ = {isa = PBXBuildFile; fileRef = 2567EAF959E0FF8C09874F18 /* BLEPeripheral.swift */; };
		8A23CFEEC72916867B22D67E /* PromptOverlayView.swift in Sources */ = {isa = PBXBuildFile; fileRef = 0737DE007E493E133BF36ACB /* PromptOverlayView.swift */; };
		8ACEB2F730210C579A95CFEA /* SessionManager.swift in Sources */ = {isa = PBXBuildFile; fileRef = 160D61822B93FBE67A1C20C2 /* SessionManager.swift */; };
		8B40350FB3FF1601623853F8 /* ProjectFileScanner.swift in Sources */ = {isa = PBXBuildFile; fileRef = 4E0AAE0D253D1FCC52BEC9C1 /* ProjectFileScanner.swift */; };
		9117D5D329E9C5CB6A6E011A /* SettingsView.swift in Sources */ = {isa = PBXBuildFile; fileRef = 2E860783542070F02AED00B7 /* SettingsView.swift */; };
		96F2B3247DD15F44DDB1246D /* ConnectionManager.swift in Sources */ = {isa = PBXBuildFile; fileRef = 783D378FB676157E04C99FC9 /* ConnectionManager.swift */; };
		98D09ECF7A45BB7ED30B1C5F /* HeadlessTerminalParser.swift in Sources */ = {isa = PBXBuildFile; fileRef = 37B5F7A0DDF8C4003E6BD6B9 /* HeadlessTerminalParser.swift */; };
		992E8F57143B3830BA04B39D /* MessageProtocolTests.swift in Sources */ = {isa = PBXBuildFile; fileRef = 2EAEA92A0B879C8CC2EF8F97 /* MessageProtocolTests.swift */; };
		9D859BDA07E92C27020D71C8 /* main.swift in Sources */ = {isa = PBXBuildFile; fileRef = 33367B0D382AADED54836B8B /* main.swift */; };
		9ED3CD0EAB5DEF23CC454A88 /* InteractivePrompt.swift in Sources */ = {isa = PBXBuildFile; fileRef = 6DDE06A45D5DB609E1918B25 /* InteractivePrompt.swift */; };
		9F156723BD078A153B7FEED7 /* ANSIColorMapper.swift in Sources */ = {isa = PBXBuildFile; fileRef = D68E9482CD96A6EAD061F6F8 /* ANSIColorMapper.swift */; };
		A2C5F308DF137DEC43893871 /* EncryptedPipelineIntegrationTests.swift in Sources */ = {isa = PBXBuildFile; fileRef = EA00F9F09E1361C6366E02A8 /* EncryptedPipelineIntegrationTests.swift */; };
		A3F3119F2BC407CF8E28230A /* IOBridge.swift in Sources */ = {isa = PBXBuildFile; fileRef = A6084BF828A4001E3731C509 /* IOBridge.swift */; };
		AB12D97B837548A8A8D6D4B5 /* BonjourAdvertiser.swift in Sources */ = {isa = PBXBuildFile; fileRef = DEFB8FEA08F6458F0103A0F7 /* BonjourAdvertiser.swift */; };
		AB6372C6227249554D45DCCC /* CoreBluetooth.framework in Frameworks */ = {isa = PBXBuildFile; fileRef = 883742321A0BF72D7D023889 /* CoreBluetooth.framework */; };
		AB80212ED780C5118B5682C5 /* NIOSSL in Frameworks */ = {isa = PBXBuildFile; productRef = D9B0C7A19BA675671F251FBE /* NIOSSL */; };
		ABED7ACDE162DA6ED5ED1DB1 /* NIOTransportServices in Frameworks */ = {isa = PBXBuildFile; productRef = F37EA6D4A2F37910EE004F34 /* NIOTransportServices */; };
		B098C729F8B817D207DB3AC2 /* BalconyMacApp.swift in Sources */ = {isa = PBXBuildFile; fileRef = 886E3C57A893FC1E5B991BA6 /* BalconyMacApp.swift */; };
		B5332132DD670D9915D73222 /* ConnectionManager.swift in Sources */ = {isa = PBXBuildFile; fileRef = DAE1288EF0CA05A15B0E30FF /* ConnectionManager.swift */; };
		B6798FB8D55B6691C4162C6D /* WebSocketServer.swift in Sources */ = {isa = PBXBuildFile; fileRef = 6F43204098DB6C4D61A3C700 /* WebSocketServer.swift */; };
		B8B852BB44C301BF582E80A6 /* TerminalLine.swift in Sources */ = {isa = PBXBuildFile; fileRef = 037E15271FF9FC402D02B51B /* TerminalLine.swift */; };
		BAC73425A4C54FCCD6036774 /* MenuBarView.swift in Sources */ = {isa = PBXBuildFile; fileRef = 669BE9921928194372E5B944 /* MenuBarView.swift */; };
		BDFFEF7010DECCDDE79DAAC6 /* SessionListView.swift in Sources */ = {isa = PBXBuildFile; fileRef = 8781800E637EC256C88F313C /* SessionListView.swift */; };
		C1FF8F6B9C14B58D1ABC9B8B /* PTYSessionManager.swift in Sources */ = {isa = PBXBuildFile; fileRef = A876093B09C95BC6B439A4EC /* PTYSessionManager.swift */; };
		D73A8B9E38E6442C5AA69AC0 /* PTYManager.swift in Sources */ = {isa = PBXBuildFile; fileRef = F196F43A38F455DCA8EE5982 /* PTYManager.swift */; };
		DA500C499792EA420BE493FD /* QRCodeView.swift in Sources */ = {isa = PBXBuildFile; fileRef = 72541086349D5C7FE7CA0C64 /* QRCodeView.swift */; };
		DE3744B22608B9130AA240C6 /* SlashCommandScanner.swift in Sources */ = {isa = PBXBuildFile; fileRef = 97F75FB665FB0C62D324F5EC /* SlashCommandScanner.swift */; };
		DFFB8C76E4D453A641002387 /* StatusItemManager.swift in Sources */ = {isa = PBXBuildFile; fileRef = E5BA326573C4E510CFC7C2A8 /* StatusItemManager.swift */; };
		E45BB64178C36201723CD945 /* FilePickerMenu.swift in Sources */ = {isa = PBXBuildFile; fileRef = 81F089DFF6FB911071280E29 /* FilePickerMenu.swift */; };
		E50D03AEEA94650D2FA831C6 /* WebSocketClientHandler.swift in Sources */ = {isa = PBXBuildFile; fileRef = 49449E8E646DB0F7693BF3F0 /* WebSocketClientHandler.swift */; };
		E988DDBE65BDB2A7E0BDBC34 /* QRScannerView.swift in Sources */ = {isa = PBXBuildFile; fileRef = E5330CC3525DAD310296E4BE /* QRScannerView.swift */; };
		EE22BDDF9F8B09255D1A3B38 /* DiscoveryView.swift in Sources */ = {isa = PBXBuildFile; fileRef = E0AA3AD6C3787879CAAB89F1 /* DiscoveryView.swift */; };
		F7A6FDE9F0B65FDA8CA6EA1E /* AppDelegate.swift in Sources */ = {isa = PBXBuildFile; fileRef = 29C23B5584D65228ECB8AF8D /* AppDelegate.swift */; };
		F8CAE6DC6EB90AD2D7804B30 /* BalconyShared in Frameworks */ = {isa = PBXBuildFile; productRef = 79417DF319AEB98518662E44 /* BalconyShared */; };
		FA08BD1DC31042CE542E3791 /* SwiftTerm in Frameworks */ = {isa = PBXBuildFile; productRef = E17B7059A73D41936CD7D713 /* SwiftTerm */; };
		FA21E15455103252F1C0C876 /* QRCodePairingView.swift in Sources */ = {isa = PBXBuildFile; fileRef = C4C999A09628EB4D18E4FB4E /* QRCodePairingView.swift */; };
		FA3AE27251B5AA926F8955B1 /* Assets.xcassets in Resources */ = {isa = PBXBuildFile; fileRef = 3123259349761E36C5D1B239 /* Assets.xcassets */; };
		FF5E320946ACE90AC2B967F0 /* BalconyTheme.swift in Sources */ = {isa = PBXBuildFile; fileRef = DF662BA7926B1B03E10B19B6 /* BalconyTheme.swift */; };
/* End PBXBuildFile section */

/* Begin PBXFileReference section */
		0214B334EED13B38D88E1BD9 /* HookEventHandler.swift */ = {isa = PBXFileReference; lastKnownFileType = sourcecode.swift; path = HookEventHandler.swift; sourceTree = "<group>"; };
		037E15271FF9FC402D02B51B /* TerminalLine.swift */ = {isa = PBXFileReference; lastKnownFileType = sourcecode.swift; path = TerminalLine.swift; sourceTree = "<group>"; };
		04F411A79CF7264F289B6302 /* SessionSidebarView.swift */ = {isa = PBXFileReference; lastKnownFileType = sourcecode.swift; path = SessionSidebarView.swift; sourceTree = "<group>"; };
		0737DE007E493E133BF36ACB /* PromptOverlayView.swift */ = {isa = PBXFileReference; lastKnownFileType = sourcecode.swift; path = PromptOverlayView.swift; sourceTree = "<group>"; };
		074DC1FC72657311D9A64B87 /* EscButton.swift */ = {isa = PBXFileReference; lastKnownFileType = sourcecode.swift; path = EscButton.swift; sourceTree = "<group>"; };
		0C02C757F4FB8D345A6EFEF9 /* ModelTests.swift */ = {isa = PBXFileReference; lastKnownFileType = sourcecode.swift; path = ModelTests.swift; sourceTree = "<group>"; };
		14954C747CB9B37EFDCE1BEA /* PreferencesView.swift */ = {isa = PBXFileReference; lastKnownFileType = sourcecode.swift; path = PreferencesView.swift; sourceTree = "<group>"; };
		160D61822B93FBE67A1C20C2 /* SessionManager.swift */ = {isa = PBXFileReference; lastKnownFileType = sourcecode.swift; path = SessionManager.swift; sourceTree = "<group>"; };
		1C4666F5F2F672B0D7E53B59 /* StatusBadge.swift */ = {isa = PBXFileReference; lastKnownFileType = sourcecode.swift; path = StatusBadge.swift; sourceTree = "<group>"; };
		2567EAF959E0FF8C09874F18 /* BLEPeripheral.swift */ = {isa = PBXFileReference; lastKnownFileType = sourcecode.swift; path = BLEPeripheral.swift; sourceTree = "<group>"; };
		26C123194F77AD4BC1D2CA02 /* PromptPanelView.swift */ = {isa = PBXFileReference; lastKnownFileType = sourcecode.swift; path = PromptPanelView.swift; sourceTree = "<group>"; };
		29C23B5584D65228ECB8AF8D /* AppDelegate.swift */ = {isa = PBXFileReference; lastKnownFileType = sourcecode.swift; path = AppDelegate.swift; sourceTree = "<group>"; };
		2B8CD6ADB9FA981C5E289B32 /* SessionFileReader.swift */ = {isa = PBXFileReference; lastKnownFileType = sourcecode.swift; path = SessionFileReader.swift; sourceTree = "<group>"; };
		2E860783542070F02AED00B7 /* SettingsView.swift */ = {isa = PBXFileReference; lastKnownFileType = sourcecode.swift; path = SettingsView.swift; sourceTree = "<group>"; };
		2EAEA92A0B879C8CC2EF8F97 /* MessageProtocolTests.swift */ = {isa = PBXFileReference; lastKnownFileType = sourcecode.swift; path = MessageProtocolTests.swift; sourceTree = "<group>"; };
		2FB30D19FCA8885324E1C3F2 /* AppIcon-Dark@3x.png */ = {isa = PBXFileReference; lastKnownFileType = image.png; path = "AppIcon-Dark@3x.png"; sourceTree = "<group>"; };
		30D8A1BC1C4516A364BFA87F /* WebSocketClient.swift */ = {isa = PBXFileReference; lastKnownFileType = sourcecode.swift; path = WebSocketClient.swift; sourceTree = "<group>"; };
		3123259349761E36C5D1B239 /* Assets.xcassets */ = {isa = PBXFileReference; lastKnownFileType = folder.assetcatalog; path = Assets.xcassets; sourceTree = "<group>"; };
		33367B0D382AADED54836B8B /* main.swift */ = {isa = PBXFileReference; lastKnownFileType = sourcecode.swift; path = main.swift; sourceTree = "<group>"; };
		37B5F7A0DDF8C4003E6BD6B9 /* HeadlessTerminalParser.swift */ = {isa = PBXFileReference; lastKnownFileType = sourcecode.swift; path = HeadlessTerminalParser.swift; sourceTree = "<group>"; };
		384815D580E792BAFCB0E9F0 /* ModelPickerView.swift */ = {isa = PBXFileReference; lastKnownFileType = sourcecode.swift; path = ModelPickerView.swift; sourceTree = "<group>"; };
		3F5F61E1AF4657B0B7E98424 /* SidebarContainerView.swift */ = {isa = PBXFileReference; lastKnownFileType = sourcecode.swift; path = SidebarContainerView.swift; sourceTree = "<group>"; };
		40C32C7301A46B9456C5FCCC /* PromptDetector.swift */ = {isa = PBXFileReference; lastKnownFileType = sourcecode.swift; path = PromptDetector.swift; sourceTree = "<group>"; };
		4241CE63445459C9D9FD3C36 /* DeviceManagementView.swift */ = {isa = PBXFileReference; lastKnownFileType = sourcecode.swift; path = DeviceManagementView.swift; sourceTree = "<group>"; };
		49449E8E646DB0F7693BF3F0 /* WebSocketClientHandler.swift */ = {isa = PBXFileReference; lastKnownFileType = sourcecode.swift; path = WebSocketClientHandler.swift; sourceTree = "<group>"; };
		4E0AAE0D253D1FCC52BEC9C1 /* ProjectFileScanner.swift */ = {isa = PBXFileReference; lastKnownFileType = sourcecode.swift; path = ProjectFileScanner.swift; sourceTree = "<group>"; };
		50C657DCB9087A3FB0B1E315 /* ConversationView.swift */ = {isa = PBXFileReference; lastKnownFileType = sourcecode.swift; path = ConversationView.swift; sourceTree = "<group>"; };
		50CDFFCE4495E7D88AFCF8C4 /* SocketClient.swift */ = {isa = PBXFileReference; lastKnownFileType = sourcecode.swift; path = SocketClient.swift; sourceTree = "<group>"; };
		550F0D20164E87817511190D /* AskUserQuestionCardView.swift */ = {isa = PBXFileReference; lastKnownFileType = sourcecode.swift; path = AskUserQuestionCardView.swift; sourceTree = "<group>"; };
		563031AC1EAF150E0A7AAF5B /* NotificationManager.swift */ = {isa = PBXFileReference; lastKnownFileType = sourcecode.swift; path = NotificationManager.swift; sourceTree = "<group>"; };
		575956E033E5EF90DEBBE923 /* BalconyCLI */ = {isa = PBXFileReference; includeInIndex = 0; lastKnownFileType = "compiled.mach-o.executable"; name = BalconyCLI; path = balcony; sourceTree = BUILT_PRODUCTS_DIR; };
		63C417099683EF822F4B30DF /* BLECentral.swift */ = {isa = PBXFileReference; lastKnownFileType = sourcecode.swift; path = BLECentral.swift; sourceTree = "<group>"; };
		6449B25645CA8534562C7068 /* BalconySharedTests.xctest */ = {isa = PBXFileReference; explicitFileType = wrapper.cfbundle; includeInIndex = 0; path = BalconySharedTests.xctest; sourceTree = BUILT_PRODUCTS_DIR; };
		669BE9921928194372E5B944 /* MenuBarView.swift */ = {isa = PBXFileReference; lastKnownFileType = sourcecode.swift; path = MenuBarView.swift; sourceTree = "<group>"; };
		6D55EDA07D8C2EC099B5D24B /* PromptPanelController.swift */ = {isa = PBXFileReference; lastKnownFileType = sourcecode.swift; path = PromptPanelController.swift; sourceTree = "<group>"; };
		6DDE06A45D5DB609E1918B25 /* InteractivePrompt.swift */ = {isa = PBXFileReference; lastKnownFileType = sourcecode.swift; path = InteractivePrompt.swift; sourceTree = "<group>"; };
		6F43204098DB6C4D61A3C700 /* WebSocketServer.swift */ = {isa = PBXFileReference; lastKnownFileType = sourcecode.swift; path = WebSocketServer.swift; sourceTree = "<group>"; };
		72541086349D5C7FE7CA0C64 /* QRCodeView.swift */ = {isa = PBXFileReference; lastKnownFileType = sourcecode.swift; path = QRCodeView.swift; sourceTree = "<group>"; };
		783D378FB676157E04C99FC9 /* ConnectionManager.swift */ = {isa = PBXFileReference; lastKnownFileType = sourcecode.swift; path = ConnectionManager.swift; sourceTree = "<group>"; };
		7BEB54F3C74377613045762F /* AwayDetector.swift */ = {isa = PBXFileReference; lastKnownFileType = sourcecode.swift; path = AwayDetector.swift; sourceTree = "<group>"; };
		807317B17FA9F329C51AFD55 /* BalconyShared */ = {isa = PBXFileReference; lastKnownFileType = folder; path = BalconyShared; sourceTree = SOURCE_ROOT; };
		81F089DFF6FB911071280E29 /* FilePickerMenu.swift */ = {isa = PBXFileReference; lastKnownFileType = sourcecode.swift; path = FilePickerMenu.swift; sourceTree = "<group>"; };
		8781800E637EC256C88F313C /* SessionListView.swift */ = {isa = PBXFileReference; lastKnownFileType = sourcecode.swift; path = SessionListView.swift; sourceTree = "<group>"; };
		883742321A0BF72D7D023889 /* CoreBluetooth.framework */ = {isa = PBXFileReference; lastKnownFileType = wrapper.framework; name = CoreBluetooth.framework; path = System/Library/Frameworks/CoreBluetooth.framework; sourceTree = SDKROOT; };
		886E3C57A893FC1E5B991BA6 /* BalconyMacApp.swift */ = {isa = PBXFileReference; lastKnownFileType = sourcecode.swift; path = BalconyMacApp.swift; sourceTree = "<group>"; };
		8A3E4297A1ED29FEAA7E6D5E /* SessionPickerView.swift */ = {isa = PBXFileReference; lastKnownFileType = sourcecode.swift; path = SessionPickerView.swift; sourceTree = "<group>"; };
		8AF99EBC38F153B19FDEB53A /* TerminalContainerView.swift */ = {isa = PBXFileReference; lastKnownFileType = sourcecode.swift; path = TerminalContainerView.swift; sourceTree = "<group>"; };
		97F75FB665FB0C62D324F5EC /* SlashCommandScanner.swift */ = {isa = PBXFileReference; lastKnownFileType = sourcecode.swift; path = SlashCommandScanner.swift; sourceTree = "<group>"; };
		9E5C4CCA055249D15C411831 /* PreferencesManager.swift */ = {isa = PBXFileReference; lastKnownFileType = sourcecode.swift; path = PreferencesManager.swift; sourceTree = "<group>"; };
		A153BA8C47D076D9BD988A08 /* SessionRowView.swift */ = {isa = PBXFileReference; lastKnownFileType = sourcecode.swift; path = SessionRowView.swift; sourceTree = "<group>"; };
		A218A4C58E7F312AB70DC57F /* LiquidGlassCapsule.swift */ = {isa = PBXFileReference; lastKnownFileType = sourcecode.swift; path = LiquidGlassCapsule.swift; sourceTree = "<group>"; };
		A2992E0888E0EBC79BA14280 /* BalconyMac.app */ = {isa = PBXFileReference; explicitFileType = wrapper.application; includeInIndex = 0; name = BalconyMac.app; path = Balcony.app; sourceTree = BUILT_PRODUCTS_DIR; };
		A6084BF828A4001E3731C509 /* IOBridge.swift */ = {isa = PBXFileReference; lastKnownFileType = sourcecode.swift; path = IOBridge.swift; sourceTree = "<group>"; };
		A876093B09C95BC6B439A4EC /* PTYSessionManager.swift */ = {isa = PBXFileReference; lastKnownFileType = sourcecode.swift; path = PTYSessionManager.swift; sourceTree = "<group>"; };
		B0D9E9C67B880DC32F63487B /* BalconyiOSApp.swift */ = {isa = PBXFileReference; lastKnownFileType = sourcecode.swift; path = BalconyiOSApp.swift; sourceTree = "<group>"; };
		B724AECF0BADC73232DA7457 /* HookEventTests.swift */ = {isa = PBXFileReference; lastKnownFileType = sourcecode.swift; path = HookEventTests.swift; sourceTree = "<group>"; };
		B8054709AEBB45731B614783 /* ModelListProvider.swift */ = {isa = PBXFileReference; lastKnownFileType = sourcecode.swift; path = ModelListProvider.swift; sourceTree = "<group>"; };
		BCD629D558A0EB0C9FFE3086 /* AppIcon-Light@3x.png */ = {isa = PBXFileReference; lastKnownFileType = image.png; path = "AppIcon-Light@3x.png"; sourceTree = "<group>"; };
		BD4F94005F234CC1764797BF /* SessionListModel.swift */ = {isa = PBXFileReference; lastKnownFileType = sourcecode.swift; path = SessionListModel.swift; sourceTree = "<group>"; };
		C4C999A09628EB4D18E4FB4E /* QRCodePairingView.swift */ = {isa = PBXFileReference; lastKnownFileType = sourcecode.swift; path = QRCodePairingView.swift; sourceTree = "<group>"; };
		C7DE45B3FC97C8DC7FADEB16 /* BonjourBrowser.swift */ = {isa = PBXFileReference; lastKnownFileType = sourcecode.swift; path = BonjourBrowser.swift; sourceTree = "<group>"; };
		CCD6AA2F762D1F104A03EE29 /* AppIcon-Light@2x.png */ = {isa = PBXFileReference; lastKnownFileType = image.png; path = "AppIcon-Light@2x.png"; sourceTree = "<group>"; };
		D68E9482CD96A6EAD061F6F8 /* ANSIColorMapper.swift */ = {isa = PBXFileReference; lastKnownFileType = sourcecode.swift; path = ANSIColorMapper.swift; sourceTree = "<group>"; };
		D75F5677A18F7C8240B9CD91 /* AVFoundation.framework */ = {isa = PBXFileReference; lastKnownFileType = wrapper.framework; name = AVFoundation.framework; path = System/Library/Frameworks/AVFoundation.framework; sourceTree = SDKROOT; };
		D952D21F5F35A1506E4A4D08 /* CryptoManagerTests.swift */ = {isa = PBXFileReference; lastKnownFileType = sourcecode.swift; path = CryptoManagerTests.swift; sourceTree = "<group>"; };
		D95B51D498D493A07AD8D145 /* Assets.xcassets */ = {isa = PBXFileReference; lastKnownFileType = folder.assetcatalog; path = Assets.xcassets; sourceTree = "<group>"; };
		DAE1288EF0CA05A15B0E30FF /* ConnectionManager.swift */ = {isa = PBXFileReference; lastKnownFileType = sourcecode.swift; path = ConnectionManager.swift; sourceTree = "<group>"; };
		DBCB78142A84C2BC6966A788 /* AppIcon-Dark@2x.png */ = {isa = PBXFileReference; lastKnownFileType = image.png; path = "AppIcon-Dark@2x.png"; sourceTree = "<group>"; };
		DE1D9639D9928840FAEEECD3 /* RewindPickerView.swift */ = {isa = PBXFileReference; lastKnownFileType = sourcecode.swift; path = RewindPickerView.swift; sourceTree = "<group>"; };
		DEFB8FEA08F6458F0103A0F7 /* BonjourAdvertiser.swift */ = {isa = PBXFileReference; lastKnownFileType = sourcecode.swift; path = BonjourAdvertiser.swift; sourceTree = "<group>"; };
		DF14263968FE5E9B5664835E /* SlashCommandMenu.swift */ = {isa = PBXFileReference; lastKnownFileType = sourcecode.swift; path = SlashCommandMenu.swift; sourceTree = "<group>"; };
		DF662BA7926B1B03E10B19B6 /* BalconyTheme.swift */ = {isa = PBXFileReference; lastKnownFileType = sourcecode.swift; path = BalconyTheme.swift; sourceTree = "<group>"; };
		E0A018E81D07F8F804A5CC03 /* Balcony.app */ = {isa = PBXFileReference; explicitFileType = wrapper.application; includeInIndex = 0; path = Balcony.app; sourceTree = BUILT_PRODUCTS_DIR; };
		E0AA3AD6C3787879CAAB89F1 /* DiscoveryView.swift */ = {isa = PBXFileReference; lastKnownFileType = sourcecode.swift; path = DiscoveryView.swift; sourceTree = "<group>"; };
		E5330CC3525DAD310296E4BE /* QRScannerView.swift */ = {isa = PBXFileReference; lastKnownFileType = sourcecode.swift; path = QRScannerView.swift; sourceTree = "<group>"; };
		E5BA326573C4E510CFC7C2A8 /* StatusItemManager.swift */ = {isa = PBXFileReference; lastKnownFileType = sourcecode.swift; path = StatusItemManager.swift; sourceTree = "<group>"; };
		EA00F9F09E1361C6366E02A8 /* EncryptedPipelineIntegrationTests.swift */ = {isa = PBXFileReference; lastKnownFileType = sourcecode.swift; path = EncryptedPipelineIntegrationTests.swift; sourceTree = "<group>"; };
		F196F43A38F455DCA8EE5982 /* PTYManager.swift */ = {isa = PBXFileReference; lastKnownFileType = sourcecode.swift; path = PTYManager.swift; sourceTree = "<group>"; };
		F777879D3E4F998951042E36 /* MessageTypeIntegrationTests.swift */ = {isa = PBXFileReference; lastKnownFileType = sourcecode.swift; path = MessageTypeIntegrationTests.swift; sourceTree = "<group>"; };
		F9B350EE9FED6537E89F375A /* HookListener.swift */ = {isa = PBXFileReference; lastKnownFileType = sourcecode.swift; path = HookListener.swift; sourceTree = "<group>"; };
		FF246A4A3131A5AB9E40961A /* IOKit.framework */ = {isa = PBXFileReference; lastKnownFileType = wrapper.framework; name = IOKit.framework; path = System/Library/Frameworks/IOKit.framework; sourceTree = SDKROOT; };
/* End PBXFileReference section */

/* Begin PBXFrameworksBuildPhase section */
		040834E9A3FC5446204DD259 /* Frameworks */ = {
			isa = PBXFrameworksBuildPhase;
			buildActionMask = 2147483647;
			files = (
				7FFB88CAB72CEF70EEA6DB0B /* BalconyShared in Frameworks */,
			);
			runOnlyForDeploymentPostprocessing = 0;
		};
		44913453C2F95C866C140A20 /* Frameworks */ = {
			isa = PBXFrameworksBuildPhase;
			buildActionMask = 2147483647;
			files = (
				F8CAE6DC6EB90AD2D7804B30 /* BalconyShared in Frameworks */,
				FA08BD1DC31042CE542E3791 /* SwiftTerm in Frameworks */,
				86DFC1B0DC3BB380FFC5E540 /* AVFoundation.framework in Frameworks */,
				AB6372C6227249554D45DCCC /* CoreBluetooth.framework in Frameworks */,
			);
			runOnlyForDeploymentPostprocessing = 0;
		};
		F5C16D33AD9EC30B8BAB09A9 /* Frameworks */ = {
			isa = PBXFrameworksBuildPhase;
			buildActionMask = 2147483647;
			files = (
				70F9D9C57ED6A8DEDB398CA6 /* BalconyShared in Frameworks */,
				2496CBE03C1E577AD24E7496 /* NIO in Frameworks */,
				6B4353EBEE2E8A5A6B8E1AFF /* NIOHTTP1 in Frameworks */,
				1E628833070E34E4A040D51C /* NIOWebSocket in Frameworks */,
				AB80212ED780C5118B5682C5 /* NIOSSL in Frameworks */,
				ABED7ACDE162DA6ED5ED1DB1 /* NIOTransportServices in Frameworks */,
				421C8CC638EF49CDCB2C843F /* IOKit.framework in Frameworks */,
			);
			runOnlyForDeploymentPostprocessing = 0;
		};
/* End PBXFrameworksBuildPhase section */

/* Begin PBXGroup section */
		0188B2AD9F0591CCC18AC372 /* Frameworks */ = {
			isa = PBXGroup;
			children = (
				D75F5677A18F7C8240B9CD91 /* AVFoundation.framework */,
				883742321A0BF72D7D023889 /* CoreBluetooth.framework */,
				FF246A4A3131A5AB9E40961A /* IOKit.framework */,
			);
			name = Frameworks;
			sourceTree = "<group>";
		};
		0877E42291BF5A9127842C0A /* BalconyMac */ = {
			isa = PBXGroup;
			children = (
				D845DDFA45A9D9A305F43C0D /* Resources */,
				3168CDC5CFB545D47409C0F1 /* Sources */,
			);
			path = BalconyMac;
			sourceTree = "<group>";
		};
		17F25A7EA717B5213A20D6C1 /* Products */ = {
			isa = PBXGroup;
			children = (
				575956E033E5EF90DEBBE923 /* BalconyCLI */,
				E0A018E81D07F8F804A5CC03 /* Balcony.app */,
				A2992E0888E0EBC79BA14280 /* BalconyMac.app */,
				6449B25645CA8534562C7068 /* BalconySharedTests.xctest */,
			);
			name = Products;
			sourceTree = "<group>";
		};
		25C849943CCC8DCD3361BFB0 /* Session */ = {
			isa = PBXGroup;
			children = (
				160D61822B93FBE67A1C20C2 /* SessionManager.swift */,
			);
			path = Session;
			sourceTree = "<group>";
		};
		29CC83942554DE7CE9CC9D89 /* Sources */ = {
			isa = PBXGroup;
			children = (
				360A9665CF8E9D3D2ED2749F /* App */,
				E8C3BF787DFDC63397201A4A /* Connection */,
				C79AC08F94025322B1AE2631 /* Notifications */,
				25C849943CCC8DCD3361BFB0 /* Session */,
				4861DDFBA3BF0E87C84121A3 /* Theme */,
				2A67A82424C4E1251B542757 /* Views */,
			);
			path = Sources;
			sourceTree = "<group>";
		};
		2A67A82424C4E1251B542757 /* Views */ = {
			isa = PBXGroup;
			children = (
				3B63B8294EF424C7B4609059 /* Components */,
				9E38E5022BACD1B483200456 /* Discovery */,
				A7EB17E3E1F4071A286FD5AC /* Sessions */,
				AC0EDDEBBCEF21C15CA414E8 /* Settings */,
				79E895271FED239654D00377 /* Sidebar */,
				91C6B9F134F53A2255E0E64D /* Terminal */,
			);
			path = Views;
			sourceTree = "<group>";
		};
		3168CDC5CFB545D47409C0F1 /* Sources */ = {
			isa = PBXGroup;
			children = (
				685FFEB8FA47012AB0CB4A2A /* App */,
				94483755F349F8D7DE80B0E4 /* Away */,
				C7C42304F6E889DC403FE84B /* Connection */,
				61071B08D7C9C86463B9E4F1 /* Hooks */,
				667341FB33E407DEA858B135 /* MenuBar */,
				F1425735D4B4B6D179915C5F /* Preferences */,
				EE0209A0E21BBDEB46AE3FFE /* Session */,
				CD9B0B8BB81459B388084038 /* UI */,
			);
			path = Sources;
			sourceTree = "<group>";
		};
		360A9665CF8E9D3D2ED2749F /* App */ = {
			isa = PBXGroup;
			children = (
				B0D9E9C67B880DC32F63487B /* BalconyiOSApp.swift */,
			);
			path = App;
			sourceTree = "<group>";
		};
		3B63B8294EF424C7B4609059 /* Components */ = {
			isa = PBXGroup;
			children = (
				074DC1FC72657311D9A64B87 /* EscButton.swift */,
				1C4666F5F2F672B0D7E53B59 /* StatusBadge.swift */,
			);
			path = Components;
			sourceTree = "<group>";
		};
		4861DDFBA3BF0E87C84121A3 /* Theme */ = {
			isa = PBXGroup;
			children = (
				DF662BA7926B1B03E10B19B6 /* BalconyTheme.swift */,
				A218A4C58E7F312AB70DC57F /* LiquidGlassCapsule.swift */,
			);
			path = Theme;
			sourceTree = "<group>";
		};
		506E5A171C9E6F17609103DC = {
			isa = PBXGroup;
			children = (
				742537B0492B576AE5C449C8 /* BalconyCLI */,
				84B7E10DE14DA989993CA5E4 /* BalconyiOS */,
				0877E42291BF5A9127842C0A /* BalconyMac */,
				D0871BA5E573A24711432930 /* BalconyShared */,
				6AF0DE0F3E351285ACD48041 /* Packages */,
				0188B2AD9F0591CCC18AC372 /* Frameworks */,
				17F25A7EA717B5213A20D6C1 /* Products */,
			);
			sourceTree = "<group>";
		};
		5259AE92D43F29CEC8C26212 /* Resources */ = {
			isa = PBXGroup;
			children = (
				DCA6BF545418A547B3FCD2B6 /* AlternateIcons */,
				3123259349761E36C5D1B239 /* Assets.xcassets */,
			);
			path = Resources;
			sourceTree = "<group>";
		};
		61071B08D7C9C86463B9E4F1 /* Hooks */ = {
			isa = PBXGroup;
			children = (
				0214B334EED13B38D88E1BD9 /* HookEventHandler.swift */,
				F9B350EE9FED6537E89F375A /* HookListener.swift */,
			);
			path = Hooks;
			sourceTree = "<group>";
		};
		667341FB33E407DEA858B135 /* MenuBar */ = {
			isa = PBXGroup;
			children = (
				669BE9921928194372E5B944 /* MenuBarView.swift */,
				C4C999A09628EB4D18E4FB4E /* QRCodePairingView.swift */,
				72541086349D5C7FE7CA0C64 /* QRCodeView.swift */,
				E5BA326573C4E510CFC7C2A8 /* StatusItemManager.swift */,
			);
			path = MenuBar;
			sourceTree = "<group>";
		};
		685FFEB8FA47012AB0CB4A2A /* App */ = {
			isa = PBXGroup;
			children = (
				29C23B5584D65228ECB8AF8D /* AppDelegate.swift */,
				886E3C57A893FC1E5B991BA6 /* BalconyMacApp.swift */,
			);
			path = App;
			sourceTree = "<group>";
		};
		6AF0DE0F3E351285ACD48041 /* Packages */ = {
			isa = PBXGroup;
			children = (
				807317B17FA9F329C51AFD55 /* BalconyShared */,
			);
			name = Packages;
			sourceTree = "<group>";
		};
		742537B0492B576AE5C449C8 /* BalconyCLI */ = {
			isa = PBXGroup;
			children = (
				9175D55D1E6F233B3622E477 /* Sources */,
			);
			path = BalconyCLI;
			sourceTree = "<group>";
		};
		79E895271FED239654D00377 /* Sidebar */ = {
			isa = PBXGroup;
			children = (
				04F411A79CF7264F289B6302 /* SessionSidebarView.swift */,
				3F5F61E1AF4657B0B7E98424 /* SidebarContainerView.swift */,
			);
			path = Sidebar;
			sourceTree = "<group>";
		};
		84B7E10DE14DA989993CA5E4 /* BalconyiOS */ = {
			isa = PBXGroup;
			children = (
				5259AE92D43F29CEC8C26212 /* Resources */,
				29CC83942554DE7CE9CC9D89 /* Sources */,
			);
			path = BalconyiOS;
			sourceTree = "<group>";
		};
		9175D55D1E6F233B3622E477 /* Sources */ = {
			isa = PBXGroup;
			children = (
				A6084BF828A4001E3731C509 /* IOBridge.swift */,
				33367B0D382AADED54836B8B /* main.swift */,
				F196F43A38F455DCA8EE5982 /* PTYManager.swift */,
				50CDFFCE4495E7D88AFCF8C4 /* SocketClient.swift */,
			);
			path = Sources;
			sourceTree = "<group>";
		};
		91C6B9F134F53A2255E0E64D /* Terminal */ = {
			isa = PBXGroup;
			children = (
				D68E9482CD96A6EAD061F6F8 /* ANSIColorMapper.swift */,
				550F0D20164E87817511190D /* AskUserQuestionCardView.swift */,
				50C657DCB9087A3FB0B1E315 /* ConversationView.swift */,
				81F089DFF6FB911071280E29 /* FilePickerMenu.swift */,
				37B5F7A0DDF8C4003E6BD6B9 /* HeadlessTerminalParser.swift */,
				6DDE06A45D5DB609E1918B25 /* InteractivePrompt.swift */,
				384815D580E792BAFCB0E9F0 /* ModelPickerView.swift */,
				40C32C7301A46B9456C5FCCC /* PromptDetector.swift */,
				0737DE007E493E133BF36ACB /* PromptOverlayView.swift */,
				DE1D9639D9928840FAEEECD3 /* RewindPickerView.swift */,
				8A3E4297A1ED29FEAA7E6D5E /* SessionPickerView.swift */,
				DF14263968FE5E9B5664835E /* SlashCommandMenu.swift */,
				8AF99EBC38F153B19FDEB53A /* TerminalContainerView.swift */,
				037E15271FF9FC402D02B51B /* TerminalLine.swift */,
			);
			path = Terminal;
			sourceTree = "<group>";
		};
		94483755F349F8D7DE80B0E4 /* Away */ = {
			isa = PBXGroup;
			children = (
				7BEB54F3C74377613045762F /* AwayDetector.swift */,
			);
			path = Away;
			sourceTree = "<group>";
		};
		995E7977762D4C8E83746C4B /* Tests */ = {
			isa = PBXGroup;
			children = (
				A0E45CBFF23542CCF8238E03 /* BalconySharedTests */,
			);
			path = Tests;
			sourceTree = "<group>";
		};
		9E38E5022BACD1B483200456 /* Discovery */ = {
			isa = PBXGroup;
			children = (
				E0AA3AD6C3787879CAAB89F1 /* DiscoveryView.swift */,
				E5330CC3525DAD310296E4BE /* QRScannerView.swift */,
			);
			path = Discovery;
			sourceTree = "<group>";
		};
		A0E45CBFF23542CCF8238E03 /* BalconySharedTests */ = {
			isa = PBXGroup;
			children = (
				D952D21F5F35A1506E4A4D08 /* CryptoManagerTests.swift */,
				EA00F9F09E1361C6366E02A8 /* EncryptedPipelineIntegrationTests.swift */,
				B724AECF0BADC73232DA7457 /* HookEventTests.swift */,
				2EAEA92A0B879C8CC2EF8F97 /* MessageProtocolTests.swift */,
				F777879D3E4F998951042E36 /* MessageTypeIntegrationTests.swift */,
				0C02C757F4FB8D345A6EFEF9 /* ModelTests.swift */,
			);
			path = BalconySharedTests;
			sourceTree = "<group>";
		};
		A7EB17E3E1F4071A286FD5AC /* Sessions */ = {
			isa = PBXGroup;
			children = (
				8781800E637EC256C88F313C /* SessionListView.swift */,
				A153BA8C47D076D9BD988A08 /* SessionRowView.swift */,
			);
			path = Sessions;
			sourceTree = "<group>";
		};
		AC0EDDEBBCEF21C15CA414E8 /* Settings */ = {
			isa = PBXGroup;
			children = (
				4241CE63445459C9D9FD3C36 /* DeviceManagementView.swift */,
				2E860783542070F02AED00B7 /* SettingsView.swift */,
			);
			path = Settings;
			sourceTree = "<group>";
		};
		C79AC08F94025322B1AE2631 /* Notifications */ = {
			isa = PBXGroup;
			children = (
				563031AC1EAF150E0A7AAF5B /* NotificationManager.swift */,
			);
			path = Notifications;
			sourceTree = "<group>";
		};
		C7C42304F6E889DC403FE84B /* Connection */ = {
			isa = PBXGroup;
			children = (
				2567EAF959E0FF8C09874F18 /* BLEPeripheral.swift */,
				DEFB8FEA08F6458F0103A0F7 /* BonjourAdvertiser.swift */,
				DAE1288EF0CA05A15B0E30FF /* ConnectionManager.swift */,
				49449E8E646DB0F7693BF3F0 /* WebSocketClientHandler.swift */,
				6F43204098DB6C4D61A3C700 /* WebSocketServer.swift */,
			);
			path = Connection;
			sourceTree = "<group>";
		};
		CD9B0B8BB81459B388084038 /* UI */ = {
			isa = PBXGroup;
			children = (
				E4C0F18DDEDE8CA1AD8B85DC /* PromptPanel */,
			);
			path = UI;
			sourceTree = "<group>";
		};
		D0871BA5E573A24711432930 /* BalconyShared */ = {
			isa = PBXGroup;
			children = (
				995E7977762D4C8E83746C4B /* Tests */,
			);
			path = BalconyShared;
			sourceTree = "<group>";
		};
		D845DDFA45A9D9A305F43C0D /* Resources */ = {
			isa = PBXGroup;
			children = (
				D95B51D498D493A07AD8D145 /* Assets.xcassets */,
			);
			path = Resources;
			sourceTree = "<group>";
		};
		DCA6BF545418A547B3FCD2B6 /* AlternateIcons */ = {
			isa = PBXGroup;
			children = (
				DBCB78142A84C2BC6966A788 /* AppIcon-Dark@2x.png */,
				2FB30D19FCA8885324E1C3F2 /* AppIcon-Dark@3x.png */,
				CCD6AA2F762D1F104A03EE29 /* AppIcon-Light@2x.png */,
				BCD629D558A0EB0C9FFE3086 /* AppIcon-Light@3x.png */,
			);
			path = AlternateIcons;
			sourceTree = "<group>";
		};
		E4C0F18DDEDE8CA1AD8B85DC /* PromptPanel */ = {
			isa = PBXGroup;
			children = (
				6D55EDA07D8C2EC099B5D24B /* PromptPanelController.swift */,
				26C123194F77AD4BC1D2CA02 /* PromptPanelView.swift */,
			);
			path = PromptPanel;
			sourceTree = "<group>";
		};
		E8C3BF787DFDC63397201A4A /* Connection */ = {
			isa = PBXGroup;
			children = (
				63C417099683EF822F4B30DF /* BLECentral.swift */,
				C7DE45B3FC97C8DC7FADEB16 /* BonjourBrowser.swift */,
				783D378FB676157E04C99FC9 /* ConnectionManager.swift */,
				30D8A1BC1C4516A364BFA87F /* WebSocketClient.swift */,
			);
			path = Connection;
			sourceTree = "<group>";
		};
		EE0209A0E21BBDEB46AE3FFE /* Session */ = {
			isa = PBXGroup;
			children = (
				B8054709AEBB45731B614783 /* ModelListProvider.swift */,
				4E0AAE0D253D1FCC52BEC9C1 /* ProjectFileScanner.swift */,
				A876093B09C95BC6B439A4EC /* PTYSessionManager.swift */,
				2B8CD6ADB9FA981C5E289B32 /* SessionFileReader.swift */,
				BD4F94005F234CC1764797BF /* SessionListModel.swift */,
				97F75FB665FB0C62D324F5EC /* SlashCommandScanner.swift */,
			);
			path = Session;
			sourceTree = "<group>";
		};
		F1425735D4B4B6D179915C5F /* Preferences */ = {
			isa = PBXGroup;
			children = (
				9E5C4CCA055249D15C411831 /* PreferencesManager.swift */,
				14954C747CB9B37EFDCE1BEA /* PreferencesView.swift */,
			);
			path = Preferences;
			sourceTree = "<group>";
		};
/* End PBXGroup section */

/* Begin PBXNativeTarget section */
		03D0CAD8415E829E5988EBF7 /* BalconyMac */ = {
			isa = PBXNativeTarget;
			buildConfigurationList = 6473F2BDDA8F3C34E98D65C3 /* Build configuration list for PBXNativeTarget "BalconyMac" */;
			buildPhases = (
				C227C0CCD52BB66C26AD93B2 /* Sources */,
				CACC9C6D0F4561C8CC5EE429 /* Resources */,
				F5C16D33AD9EC30B8BAB09A9 /* Frameworks */,
			);
			buildRules = (
			);
			dependencies = (
			);
			name = BalconyMac;
			packageProductDependencies = (
				1288CDF4C3C16983C23C8679 /* BalconyShared */,
				E76BB04E002C60E874E1993D /* NIO */,
				D5859053BEF37E29C28D0EF6 /* NIOHTTP1 */,
				6ED48EC9E94F4FC97A96DE5A /* NIOWebSocket */,
				D9B0C7A19BA675671F251FBE /* NIOSSL */,
				F37EA6D4A2F37910EE004F34 /* NIOTransportServices */,
			);
			productName = BalconyMac;
			productReference = A2992E0888E0EBC79BA14280 /* BalconyMac.app */;
			productType = "com.apple.product-type.application";
		};
		28EDF2F1EEB7F9CAAE8BE0F5 /* BalconyiOS */ = {
			isa = PBXNativeTarget;
			buildConfigurationList = 6944C21AEBCE49A69C780310 /* Build configuration list for PBXNativeTarget "BalconyiOS" */;
			buildPhases = (
				0A0DF275308BE1609707CA8B /* Sources */,
				4868B17AB810CAFA95B95831 /* Resources */,
				44913453C2F95C866C140A20 /* Frameworks */,
			);
			buildRules = (
			);
			dependencies = (
			);
			name = BalconyiOS;
			packageProductDependencies = (
				79417DF319AEB98518662E44 /* BalconyShared */,
				E17B7059A73D41936CD7D713 /* SwiftTerm */,
			);
			productName = BalconyiOS;
			productReference = E0A018E81D07F8F804A5CC03 /* Balcony.app */;
			productType = "com.apple.product-type.application";
		};
		B37488F2CC17C37E395BE6C9 /* BalconySharedTests */ = {
			isa = PBXNativeTarget;
			buildConfigurationList = 55906B1041CAF4EADAE32404 /* Build configuration list for PBXNativeTarget "BalconySharedTests" */;
			buildPhases = (
				E78BF88C65E15567BACF1829 /* Sources */,
				040834E9A3FC5446204DD259 /* Frameworks */,
			);
			buildRules = (
			);
			dependencies = (
			);
			name = BalconySharedTests;
			packageProductDependencies = (
				2C1E9FE6B3F733D2560E28A3 /* BalconyShared */,
			);
			productName = BalconySharedTests;
			productReference = 6449B25645CA8534562C7068 /* BalconySharedTests.xctest */;
			productType = "com.apple.product-type.bundle.unit-test";
		};
		F9977008AA49E8E96D6CCF49 /* BalconyCLI */ = {
			isa = PBXNativeTarget;
			buildConfigurationList = 0896958B674FA851EE81A9DF /* Build configuration list for PBXNativeTarget "BalconyCLI" */;
			buildPhases = (
				23B434D3F008AE864589D7AB /* Sources */,
			);
			buildRules = (
			);
			dependencies = (
			);
			name = BalconyCLI;
			packageProductDependencies = (
			);
			productName = BalconyCLI;
			productReference = 575956E033E5EF90DEBBE923 /* BalconyCLI */;
			productType = "com.apple.product-type.tool";
		};
/* End PBXNativeTarget section */

/* Begin PBXProject section */
		F7ECBB149418AAFED95511E8 /* Project object */ = {
			isa = PBXProject;
			attributes = {
				BuildIndependentTargetsInParallel = YES;
				LastUpgradeCheck = 1500;
			};
			buildConfigurationList = 643E3581ACCD6472E3C5A2DB /* Build configuration list for PBXProject "Balcony" */;
			compatibilityVersion = "Xcode 14.0";
			developmentRegion = en;
			hasScannedForEncodings = 0;
			knownRegions = (
				Base,
				en,
			);
			mainGroup = 506E5A171C9E6F17609103DC;
			minimizedProjectReferenceProxies = 1;
			packageReferences = (
				3D30A12B8C804AAC736C39EA /* XCRemoteSwiftPackageReference "SwiftTerm" */,
				D125E1B764D3A72CC0C29450 /* XCRemoteSwiftPackageReference "swift-nio" */,
				A1DAC1B605F89BAF640B003F /* XCRemoteSwiftPackageReference "swift-nio-ssl" */,
				0B2C0820A65E78C7CF28A757 /* XCRemoteSwiftPackageReference "swift-nio-transport-services" */,
				E53AB105301D36E90158B6D5 /* XCLocalSwiftPackageReference "BalconyShared" */,
			);
			projectDirPath = "";
			projectRoot = "";
			targets = (
				F9977008AA49E8E96D6CCF49 /* BalconyCLI */,
				03D0CAD8415E829E5988EBF7 /* BalconyMac */,
				B37488F2CC17C37E395BE6C9 /* BalconySharedTests */,
				28EDF2F1EEB7F9CAAE8BE0F5 /* BalconyiOS */,
			);
		};
/* End PBXProject section */

/* Begin PBXResourcesBuildPhase section */
		4868B17AB810CAFA95B95831 /* Resources */ = {
			isa = PBXResourcesBuildPhase;
			buildActionMask = 2147483647;
			files = (
				370911902C6A736936F626CC /* AppIcon-Dark@2x.png in Resources */,
				4E3485D895FFF52BC23DB649 /* AppIcon-Dark@3x.png in Resources */,
				3C3D008A990E7C943ED629EA /* AppIcon-Light@2x.png in Resources */,
				3261E64ED66B84A2877F1B55 /* AppIcon-Light@3x.png in Resources */,
				FA3AE27251B5AA926F8955B1 /* Assets.xcassets in Resources */,
			);
			runOnlyForDeploymentPostprocessing = 0;
		};
		CACC9C6D0F4561C8CC5EE429 /* Resources */ = {
			isa = PBXResourcesBuildPhase;
			buildActionMask = 2147483647;
			files = (
				76791B96E22D92E5CE70994C /* Assets.xcassets in Resources */,
			);
			runOnlyForDeploymentPostprocessing = 0;
		};
/* End PBXResourcesBuildPhase section */

/* Begin PBXSourcesBuildPhase section */
		0A0DF275308BE1609707CA8B /* Sources */ = {
			isa = PBXSourcesBuildPhase;
			buildActionMask = 2147483647;
			files = (
				9F156723BD078A153B7FEED7 /* ANSIColorMapper.swift in Sources */,
				4FCA31A4B2E33D039185C6D8 /* AskUserQuestionCardView.swift in Sources */,
				52EA4D3614E7CD7C01FAFCEA /* BLECentral.swift in Sources */,
				FF5E320946ACE90AC2B967F0 /* BalconyTheme.swift in Sources */,
				39BA738A247CAB3676A4C7C8 /* BalconyiOSApp.swift in Sources */,
				54B68596DB033B25770224FE /* BonjourBrowser.swift in Sources */,
				96F2B3247DD15F44DDB1246D /* ConnectionManager.swift in Sources */,
				61B35E1445E28DE6B57C9447 /* ConversationView.swift in Sources */,
				1EE8C4879DF09145406EDB96 /* DeviceManagementView.swift in Sources */,
				EE22BDDF9F8B09255D1A3B38 /* DiscoveryView.swift in Sources */,
				21D8AA8A8FAE66329A8C6BF3 /* EscButton.swift in Sources */,
				E45BB64178C36201723CD945 /* FilePickerMenu.swift in Sources */,
				98D09ECF7A45BB7ED30B1C5F /* HeadlessTerminalParser.swift in Sources */,
				9ED3CD0EAB5DEF23CC454A88 /* InteractivePrompt.swift in Sources */,
				02F56943AC8EE99383270589 /* LiquidGlassCapsule.swift in Sources */,
				223A4C34360AD4E93AE28D98 /* ModelPickerView.swift in Sources */,
				7D0244EC2C9842D09733E0E8 /* NotificationManager.swift in Sources */,
				0C8B98F96BE57AE5DFEDE5D1 /* PromptDetector.swift in Sources */,
				8A23CFEEC72916867B22D67E /* PromptOverlayView.swift in Sources */,
				E988DDBE65BDB2A7E0BDBC34 /* QRScannerView.swift in Sources */,
				150A404F73E9404284393E17 /* RewindPickerView.swift in Sources */,
				BDFFEF7010DECCDDE79DAAC6 /* SessionListView.swift in Sources */,
				8ACEB2F730210C579A95CFEA /* SessionManager.swift in Sources */,
				55510F0B7A6D0C0A189E42AE /* SessionPickerView.swift in Sources */,
				0FE6915E324A2EA05EEEC639 /* SessionRowView.swift in Sources */,
				15406D80C0095BDC371DCAF3 /* SessionSidebarView.swift in Sources */,
				9117D5D329E9C5CB6A6E011A /* SettingsView.swift in Sources */,
				872CFE876EF560CB82D75436 /* SidebarContainerView.swift in Sources */,
				0FE1BFBC4DC2490FA25064E4 /* SlashCommandMenu.swift in Sources */,
				05F879B73DA8046A8D8E49A4 /* StatusBadge.swift in Sources */,
				663D66965E45C127C3FF27DD /* TerminalContainerView.swift in Sources */,
				B8B852BB44C301BF582E80A6 /* TerminalLine.swift in Sources */,
				15A28C87E7BAC5940DF63E23 /* WebSocketClient.swift in Sources */,
			);
			runOnlyForDeploymentPostprocessing = 0;
		};
		23B434D3F008AE864589D7AB /* Sources */ = {
			isa = PBXSourcesBuildPhase;
			buildActionMask = 2147483647;
			files = (
				A3F3119F2BC407CF8E28230A /* IOBridge.swift in Sources */,
				D73A8B9E38E6442C5AA69AC0 /* PTYManager.swift in Sources */,
				7F0ABD25389E6F652DC4A47A /* SocketClient.swift in Sources */,
				9D859BDA07E92C27020D71C8 /* main.swift in Sources */,
			);
			runOnlyForDeploymentPostprocessing = 0;
		};
		C227C0CCD52BB66C26AD93B2 /* Sources */ = {
			isa = PBXSourcesBuildPhase;
			buildActionMask = 2147483647;
			files = (
				F7A6FDE9F0B65FDA8CA6EA1E /* AppDelegate.swift in Sources */,
				341C959AD5EDFD51716EB1D7 /* AwayDetector.swift in Sources */,
				884796C6E8749F597FDFC982 /* BLEPeripheral.swift in Sources */,
				B098C729F8B817D207DB3AC2 /* BalconyMacApp.swift in Sources */,
				AB12D97B837548A8A8D6D4B5 /* BonjourAdvertiser.swift in Sources */,
				B5332132DD670D9915D73222 /* ConnectionManager.swift in Sources */,
				704FCFFB9BF2203E604A8771 /* HookEventHandler.swift in Sources */,
				037713E20A0A5F516C6DE9E2 /* HookListener.swift in Sources */,
				BAC73425A4C54FCCD6036774 /* MenuBarView.swift in Sources */,
				59D76619CC0838DDD232AE57 /* ModelListProvider.swift in Sources */,
				C1FF8F6B9C14B58D1ABC9B8B /* PTYSessionManager.swift in Sources */,
				7E67FA15078D40FD6AD5B461 /* PreferencesManager.swift in Sources */,
				867FFE6CCC71EB3F1101C9E8 /* PreferencesView.swift in Sources */,
				8B40350FB3FF1601623853F8 /* ProjectFileScanner.swift in Sources */,
				1CB73E54A6BB4BDD16599D8E /* PromptPanelController.swift in Sources */,
				105D1F4739C9DDD785D3310F /* PromptPanelView.swift in Sources */,
				FA21E15455103252F1C0C876 /* QRCodePairingView.swift in Sources */,
				DA500C499792EA420BE493FD /* QRCodeView.swift in Sources */,
				7EC8C592D89FE05B25D5F184 /* SessionFileReader.swift in Sources */,
				3D79F3D2AC1738237F5FF7CB /* SessionListModel.swift in Sources */,
				DE3744B22608B9130AA240C6 /* SlashCommandScanner.swift in Sources */,
				DFFB8C76E4D453A641002387 /* StatusItemManager.swift in Sources */,
				E50D03AEEA94650D2FA831C6 /* WebSocketClientHandler.swift in Sources */,
				B6798FB8D55B6691C4162C6D /* WebSocketServer.swift in Sources */,
			);
			runOnlyForDeploymentPostprocessing = 0;
		};
		E78BF88C65E15567BACF1829 /* Sources */ = {
			isa = PBXSourcesBuildPhase;
			buildActionMask = 2147483647;
			files = (
				6ADD5A55445484CB8EDF48B3 /* CryptoManagerTests.swift in Sources */,
				A2C5F308DF137DEC43893871 /* EncryptedPipelineIntegrationTests.swift in Sources */,
				39672130F6211BFA094822B5 /* HookEventTests.swift in Sources */,
				992E8F57143B3830BA04B39D /* MessageProtocolTests.swift in Sources */,
				7D0C3EACF2BF192ECEC1D05B /* MessageTypeIntegrationTests.swift in Sources */,
				2D59B119C66E821CA94AE3BC /* ModelTests.swift in Sources */,
			);
			runOnlyForDeploymentPostprocessing = 0;
		};
/* End PBXSourcesBuildPhase section */

/* Begin XCBuildConfiguration section */
		089320737E11ACD4A9BF1648 /* Debug */ = {
			isa = XCBuildConfiguration;
			buildSettings = {
				BUNDLE_LOADER = "$(TEST_HOST)";
				COMBINE_HIDPI_IMAGES = YES;
				LD_RUNPATH_SEARCH_PATHS = (
					"$(inherited)",
					"@executable_path/../Frameworks",
					"@loader_path/../Frameworks",
				);
				PRODUCT_BUNDLE_IDENTIFIER = com.balcony.shared.tests;
				SDKROOT = macosx;
			};
			name = Debug;
		};
		09EC0FAE34A4DEEF2CF50FAD /* Debug */ = {
			isa = XCBuildConfiguration;
			buildSettings = {
				ASSETCATALOG_COMPILER_APPICON_NAME = AppIcon;
				CODE_SIGN_ENTITLEMENTS = BalconyiOS/Resources/BalconyiOS.entitlements;
				CODE_SIGN_IDENTITY = "iPhone Developer";
				DEVELOPMENT_TEAM = 746889X99S;
				INFOPLIST_FILE = BalconyiOS/Resources/Info.plist;
				IPHONEOS_DEPLOYMENT_TARGET = 16.0;
				LD_RUNPATH_SEARCH_PATHS = (
					"$(inherited)",
					"@executable_path/Frameworks",
				);
				PRODUCT_BUNDLE_IDENTIFIER = com.balcony.ios;
				PRODUCT_NAME = Balcony;
				SDKROOT = iphoneos;
				TARGETED_DEVICE_FAMILY = 1;
			};
			name = Debug;
		};
		0E6046F7E550223EA0BE0FA1 /* Debug */ = {
			isa = XCBuildConfiguration;
			buildSettings = {
				ASSETCATALOG_COMPILER_APPICON_NAME = AppIcon;
				CODE_SIGN_ENTITLEMENTS = BalconyMac/Resources/BalconyMac.entitlements;
				COMBINE_HIDPI_IMAGES = YES;
				INFOPLIST_FILE = BalconyMac/Resources/Info.plist;
				LD_RUNPATH_SEARCH_PATHS = (
					"$(inherited)",
					"@executable_path/../Frameworks",
				);
				MACOSX_DEPLOYMENT_TARGET = 14.0;
				PRODUCT_BUNDLE_IDENTIFIER = com.balcony.mac;
				PRODUCT_NAME = Balcony;
				SDKROOT = macosx;
			};
			name = Debug;
		};
		145A74F8AB2B9BD3BF4F552E /* Debug */ = {
			isa = XCBuildConfiguration;
			buildSettings = {
				ALWAYS_SEARCH_USER_PATHS = NO;
				CLANG_ANALYZER_NONNULL = YES;
				CLANG_ANALYZER_NUMBER_OBJECT_CONVERSION = YES_AGGRESSIVE;
				CLANG_CXX_LANGUAGE_STANDARD = "gnu++14";
				CLANG_CXX_LIBRARY = "libc++";
				CLANG_ENABLE_MODULES = YES;
				CLANG_ENABLE_OBJC_ARC = YES;
				CLANG_ENABLE_OBJC_WEAK = YES;
				CLANG_WARN_BLOCK_CAPTURE_AUTORELEASING = YES;
				CLANG_WARN_BOOL_CONVERSION = YES;
				CLANG_WARN_COMMA = YES;
				CLANG_WARN_CONSTANT_CONVERSION = YES;
				CLANG_WARN_DEPRECATED_OBJC_IMPLEMENTATIONS = YES;
				CLANG_WARN_DIRECT_OBJC_ISA_USAGE = YES_ERROR;
				CLANG_WARN_DOCUMENTATION_COMMENTS = YES;
				CLANG_WARN_EMPTY_BODY = YES;
				CLANG_WARN_ENUM_CONVERSION = YES;
				CLANG_WARN_INFINITE_RECURSION = YES;
				CLANG_WARN_INT_CONVERSION = YES;
				CLANG_WARN_NON_LITERAL_NULL_CONVERSION = YES;
				CLANG_WARN_OBJC_IMPLICIT_RETAIN_SELF = YES;
				CLANG_WARN_OBJC_LITERAL_CONVERSION = YES;
				CLANG_WARN_OBJC_ROOT_CLASS = YES_ERROR;
				CLANG_WARN_QUOTED_INCLUDE_IN_FRAMEWORK_HEADER = YES;
				CLANG_WARN_RANGE_LOOP_ANALYSIS = YES;
				CLANG_WARN_STRICT_PROTOTYPES = YES;
				CLANG_WARN_SUSPICIOUS_MOVE = YES;
				CLANG_WARN_UNGUARDED_AVAILABILITY = YES_AGGRESSIVE;
				CLANG_WARN_UNREACHABLE_CODE = YES;
				CLANG_WARN__DUPLICATE_METHOD_MATCH = YES;
				COPY_PHASE_STRIP = NO;
				DEBUG_INFORMATION_FORMAT = dwarf;
				ENABLE_STRICT_OBJC_MSGSEND = YES;
				ENABLE_TESTABILITY = YES;
				GCC_C_LANGUAGE_STANDARD = gnu11;
				GCC_DYNAMIC_NO_PIC = NO;
				GCC_NO_COMMON_BLOCKS = YES;
				GCC_OPTIMIZATION_LEVEL = 0;
				GCC_PREPROCESSOR_DEFINITIONS = (
					"$(inherited)",
					"DEBUG=1",
				);
				GCC_WARN_64_TO_32_BIT_CONVERSION = YES;
				GCC_WARN_ABOUT_RETURN_TYPE = YES_ERROR;
				GCC_WARN_UNDECLARED_SELECTOR = YES;
				GCC_WARN_UNINITIALIZED_AUTOS = YES_AGGRESSIVE;
				GCC_WARN_UNUSED_FUNCTION = YES;
				GCC_WARN_UNUSED_VARIABLE = YES;
				IPHONEOS_DEPLOYMENT_TARGET = 16.0;
				MACOSX_DEPLOYMENT_TARGET = 14.0;
				MTL_ENABLE_DEBUG_INFO = INCLUDE_SOURCE;
				MTL_FAST_MATH = YES;
				ONLY_ACTIVE_ARCH = YES;
				PRODUCT_NAME = "$(TARGET_NAME)";
				SWIFT_ACTIVE_COMPILATION_CONDITIONS = DEBUG;
				SWIFT_OPTIMIZATION_LEVEL = "-Onone";
				SWIFT_VERSION = 5.9;
			};
			name = Debug;
		};
		3B82C0AE9C90C5FE101F1379 /* Release */ = {
			isa = XCBuildConfiguration;
			buildSettings = {
				COMBINE_HIDPI_IMAGES = YES;
				LD_RUNPATH_SEARCH_PATHS = (
					"$(inherited)",
					"@executable_path/../Frameworks",
				);
				MACOSX_DEPLOYMENT_TARGET = 14.0;
				PRODUCT_BUNDLE_IDENTIFIER = com.balcony.cli;
				PRODUCT_NAME = balcony;
				SDKROOT = macosx;
				SWIFT_VERSION = 5.9;
			};
			name = Release;
		};
		43830139658B228C38874411 /* Release */ = {
			isa = XCBuildConfiguration;
			buildSettings = {
				ALWAYS_SEARCH_USER_PATHS = NO;
				CLANG_ANALYZER_NONNULL = YES;
				CLANG_ANALYZER_NUMBER_OBJECT_CONVERSION = YES_AGGRESSIVE;
				CLANG_CXX_LANGUAGE_STANDARD = "gnu++14";
				CLANG_CXX_LIBRARY = "libc++";
				CLANG_ENABLE_MODULES = YES;
				CLANG_ENABLE_OBJC_ARC = YES;
				CLANG_ENABLE_OBJC_WEAK = YES;
				CLANG_WARN_BLOCK_CAPTURE_AUTORELEASING = YES;
				CLANG_WARN_BOOL_CONVERSION = YES;
				CLANG_WARN_COMMA = YES;
				CLANG_WARN_CONSTANT_CONVERSION = YES;
				CLANG_WARN_DEPRECATED_OBJC_IMPLEMENTATIONS = YES;
				CLANG_WARN_DIRECT_OBJC_ISA_USAGE = YES_ERROR;
				CLANG_WARN_DOCUMENTATION_COMMENTS = YES;
				CLANG_WARN_EMPTY_BODY = YES;
				CLANG_WARN_ENUM_CONVERSION = YES;
				CLANG_WARN_INFINITE_RECURSION = YES;
				CLANG_WARN_INT_CONVERSION = YES;
				CLANG_WARN_NON_LITERAL_NULL_CONVERSION = YES;
				CLANG_WARN_OBJC_IMPLICIT_RETAIN_SELF = YES;
				CLANG_WARN_OBJC_LITERAL_CONVERSION = YES;
				CLANG_WARN_OBJC_ROOT_CLASS = YES_ERROR;
				CLANG_WARN_QUOTED_INCLUDE_IN_FRAMEWORK_HEADER = YES;
				CLANG_WARN_RANGE_LOOP_ANALYSIS = YES;
				CLANG_WARN_STRICT_PROTOTYPES = YES;
				CLANG_WARN_SUSPICIOUS_MOVE = YES;
				CLANG_WARN_UNGUARDED_AVAILABILITY = YES_AGGRESSIVE;
				CLANG_WARN_UNREACHABLE_CODE = YES;
				CLANG_WARN__DUPLICATE_METHOD_MATCH = YES;
				COPY_PHASE_STRIP = NO;
				DEBUG_INFORMATION_FORMAT = "dwarf-with-dsym";
				ENABLE_NS_ASSERTIONS = NO;
				ENABLE_STRICT_OBJC_MSGSEND = YES;
				GCC_C_LANGUAGE_STANDARD = gnu11;
				GCC_NO_COMMON_BLOCKS = YES;
				GCC_WARN_64_TO_32_BIT_CONVERSION = YES;
				GCC_WARN_ABOUT_RETURN_TYPE = YES_ERROR;
				GCC_WARN_UNDECLARED_SELECTOR = YES;
				GCC_WARN_UNINITIALIZED_AUTOS = YES_AGGRESSIVE;
				GCC_WARN_UNUSED_FUNCTION = YES;
				GCC_WARN_UNUSED_VARIABLE = YES;
				IPHONEOS_DEPLOYMENT_TARGET = 16.0;
				MACOSX_DEPLOYMENT_TARGET = 14.0;
				MTL_ENABLE_DEBUG_INFO = NO;
				MTL_FAST_MATH = YES;
				PRODUCT_NAME = "$(TARGET_NAME)";
				SWIFT_COMPILATION_MODE = wholemodule;
				SWIFT_OPTIMIZATION_LEVEL = "-O";
				SWIFT_VERSION = 5.9;
			};
			name = Release;
		};
		A02668BB19B25CC2F0F5E9DB /* Debug */ = {
			isa = XCBuildConfiguration;
			buildSettings = {
				COMBINE_HIDPI_IMAGES = YES;
				LD_RUNPATH_SEARCH_PATHS = (
					"$(inherited)",
					"@executable_path/../Frameworks",
				);
				MACOSX_DEPLOYMENT_TARGET = 14.0;
				PRODUCT_BUNDLE_IDENTIFIER = com.balcony.cli;
				PRODUCT_NAME = balcony;
				SDKROOT = macosx;
				SWIFT_VERSION = 5.9;
			};
			name = Debug;
		};
		A0C5660C386D349AC1DAE3FF /* Release */ = {
			isa = XCBuildConfiguration;
			buildSettings = {
				ASSETCATALOG_COMPILER_APPICON_NAME = AppIcon;
				CODE_SIGN_ENTITLEMENTS = BalconyMac/Resources/BalconyMac.entitlements;
				COMBINE_HIDPI_IMAGES = YES;
				INFOPLIST_FILE = BalconyMac/Resources/Info.plist;
				LD_RUNPATH_SEARCH_PATHS = (
					"$(inherited)",
					"@executable_path/../Frameworks",
				);
				MACOSX_DEPLOYMENT_TARGET = 14.0;
				PRODUCT_BUNDLE_IDENTIFIER = com.balcony.mac;
				PRODUCT_NAME = Balcony;
				SDKROOT = macosx;
			};
			name = Release;
		};
		A6821E7B207A3EFA63646E0F /* Release */ = {
			isa = XCBuildConfiguration;
			buildSettings = {
				ASSETCATALOG_COMPILER_APPICON_NAME = AppIcon;
				CODE_SIGN_ENTITLEMENTS = BalconyiOS/Resources/BalconyiOS.entitlements;
				CODE_SIGN_IDENTITY = "iPhone Developer";
				DEVELOPMENT_TEAM = 746889X99S;
				INFOPLIST_FILE = BalconyiOS/Resources/Info.plist;
				IPHONEOS_DEPLOYMENT_TARGET = 16.0;
				LD_RUNPATH_SEARCH_PATHS = (
					"$(inherited)",
					"@executable_path/Frameworks",
				);
				PRODUCT_BUNDLE_IDENTIFIER = com.balcony.ios;
				PRODUCT_NAME = Balcony;
				SDKROOT = iphoneos;
				TARGETED_DEVICE_FAMILY = 1;
			};
			name = Release;
		};
		C7AEB89297154664D099E0F4 /* Release */ = {
			isa = XCBuildConfiguration;
			buildSettings = {
				BUNDLE_LOADER = "$(TEST_HOST)";
				COMBINE_HIDPI_IMAGES = YES;
				LD_RUNPATH_SEARCH_PATHS = (
					"$(inherited)",
					"@executable_path/../Frameworks",
					"@loader_path/../Frameworks",
				);
				PRODUCT_BUNDLE_IDENTIFIER = com.balcony.shared.tests;
				SDKROOT = macosx;
			};
			name = Release;
		};
/* End XCBuildConfiguration section */

/* Begin XCConfigurationList section */
		0896958B674FA851EE81A9DF /* Build configuration list for PBXNativeTarget "BalconyCLI" */ = {
			isa = XCConfigurationList;
			buildConfigurations = (
				A02668BB19B25CC2F0F5E9DB /* Debug */,
				3B82C0AE9C90C5FE101F1379 /* Release */,
			);
			defaultConfigurationIsVisible = 0;
			defaultConfigurationName = Debug;
		};
		55906B1041CAF4EADAE32404 /* Build configuration list for PBXNativeTarget "BalconySharedTests" */ = {
			isa = XCConfigurationList;
			buildConfigurations = (
				089320737E11ACD4A9BF1648 /* Debug */,
				C7AEB89297154664D099E0F4 /* Release */,
			);
			defaultConfigurationIsVisible = 0;
			defaultConfigurationName = Debug;
		};
		643E3581ACCD6472E3C5A2DB /* Build configuration list for PBXProject "Balcony" */ = {
			isa = XCConfigurationList;
			buildConfigurations = (
				145A74F8AB2B9BD3BF4F552E /* Debug */,
				43830139658B228C38874411 /* Release */,
			);
			defaultConfigurationIsVisible = 0;
			defaultConfigurationName = Debug;
		};
		6473F2BDDA8F3C34E98D65C3 /* Build configuration list for PBXNativeTarget "BalconyMac" */ = {
			isa = XCConfigurationList;
			buildConfigurations = (
				0E6046F7E550223EA0BE0FA1 /* Debug */,
				A0C5660C386D349AC1DAE3FF /* Release */,
			);
			defaultConfigurationIsVisible = 0;
			defaultConfigurationName = Debug;
		};
		6944C21AEBCE49A69C780310 /* Build configuration list for PBXNativeTarget "BalconyiOS" */ = {
			isa = XCConfigurationList;
			buildConfigurations = (
				09EC0FAE34A4DEEF2CF50FAD /* Debug */,
				A6821E7B207A3EFA63646E0F /* Release */,
			);
			defaultConfigurationIsVisible = 0;
			defaultConfigurationName = Debug;
		};
/* End XCConfigurationList section */

/* Begin XCLocalSwiftPackageReference section */
		E53AB105301D36E90158B6D5 /* XCLocalSwiftPackageReference "BalconyShared" */ = {
			isa = XCLocalSwiftPackageReference;
			relativePath = BalconyShared;
		};
/* End XCLocalSwiftPackageReference section */

/* Begin XCRemoteSwiftPackageReference section */
		0B2C0820A65E78C7CF28A757 /* XCRemoteSwiftPackageReference "swift-nio-transport-services" */ = {
			isa = XCRemoteSwiftPackageReference;
			repositoryURL = "https://github.com/apple/swift-nio-transport-services.git";
			requirement = {
				kind = upToNextMajorVersion;
				minimumVersion = 1.21.0;
			};
		};
		3D30A12B8C804AAC736C39EA /* XCRemoteSwiftPackageReference "SwiftTerm" */ = {
			isa = XCRemoteSwiftPackageReference;
			repositoryURL = "https://github.com/migueldeicaza/SwiftTerm.git";
			requirement = {
				kind = upToNextMajorVersion;
				minimumVersion = 1.10.0;
			};
		};
		A1DAC1B605F89BAF640B003F /* XCRemoteSwiftPackageReference "swift-nio-ssl" */ = {
			isa = XCRemoteSwiftPackageReference;
			repositoryURL = "https://github.com/apple/swift-nio-ssl.git";
			requirement = {
				kind = upToNextMajorVersion;
				minimumVersion = 2.27.0;
			};
		};
		D125E1B764D3A72CC0C29450 /* XCRemoteSwiftPackageReference "swift-nio" */ = {
			isa = XCRemoteSwiftPackageReference;
			repositoryURL = "https://github.com/apple/swift-nio.git";
			requirement = {
				kind = upToNextMajorVersion;
				minimumVersion = 2.65.0;
			};
		};
/* End XCRemoteSwiftPackageReference section */

/* Begin XCSwiftPackageProductDependency section */
		1288CDF4C3C16983C23C8679 /* BalconyShared */ = {
			isa = XCSwiftPackageProductDependency;
			productName = BalconyShared;
		};
		2C1E9FE6B3F733D2560E28A3 /* BalconyShared */ = {
			isa = XCSwiftPackageProductDependency;
			productName = BalconyShared;
		};
		6ED48EC9E94F4FC97A96DE5A /* NIOWebSocket */ = {
			isa = XCSwiftPackageProductDependency;
			package = D125E1B764D3A72CC0C29450 /* XCRemoteSwiftPackageReference "swift-nio" */;
			productName = NIOWebSocket;
		};
		79417DF319AEB98518662E44 /* BalconyShared */ = {
			isa = XCSwiftPackageProductDependency;
			productName = BalconyShared;
		};
		D5859053BEF37E29C28D0EF6 /* NIOHTTP1 */ = {
			isa = XCSwiftPackageProductDependency;
			package = D125E1B764D3A72CC0C29450 /* XCRemoteSwiftPackageReference "swift-nio" */;
			productName = NIOHTTP1;
		};
		D9B0C7A19BA675671F251FBE /* NIOSSL */ = {
			isa = XCSwiftPackageProductDependency;
			package = A1DAC1B605F89BAF640B003F /* XCRemoteSwiftPackageReference "swift-nio-ssl" */;
			productName = NIOSSL;
		};
		E17B7059A73D41936CD7D713 /* SwiftTerm */ = {
			isa = XCSwiftPackageProductDependency;
			package = 3D30A12B8C804AAC736C39EA /* XCRemoteSwiftPackageReference "SwiftTerm" */;
			productName = SwiftTerm;
		};
		E76BB04E002C60E874E1993D /* NIO */ = {
			isa = XCSwiftPackageProductDependency;
			package = D125E1B764D3A72CC0C29450 /* XCRemoteSwiftPackageReference "swift-nio" */;
			productName = NIO;
		};
		F37EA6D4A2F37910EE004F34 /* NIOTransportServices */ = {
			isa = XCSwiftPackageProductDependency;
			package = 0B2C0820A65E78C7CF28A757 /* XCRemoteSwiftPackageReference "swift-nio-transport-services" */;
			productName = NIOTransportServices;
		};
/* End XCSwiftPackageProductDependency section */
	};
	rootObject = F7ECBB149418AAFED95511E8 /* Project object */;
}
